Microsoft Visual Studio Solution File, Format Version 12.00
# Visual Studio Version 17
VisualStudioVersion = 17.3.32505.426
MinimumVisualStudioVersion = 10.0.40219.1
Project("{9A19103F-16F7-4668-BE54-9A1E7A4F7556}") = "Win.UI", "Win.UI\Win.UI.csproj", "{D6F8E3FB-A1A5-4AC7-919E-953F3B65E7BF}"
EndProject
Global
	GlobalSection(SolutionConfigurationPlatforms) = preSolution
		Debug|Any CPU = Debug|Any CPU
		Release|Any CPU = Release|Any CPU
	EndGlobalSection
	GlobalSection(ProjectConfigurationPlatforms) = postSolution
		{D6F8E3FB-A1A5-4AC7-919E-953F3B65E7BF}.Debug|Any CPU.ActiveCfg = Debug|Any CPU
		{D6F8E3FB-A1A5-4AC7-919E-953F3B65E7BF}.Debug|Any CPU.Build.0 = Debug|Any CPU
		{D6F8E3FB-A1A5-4AC7-919E-953F3B65E7BF}.Release|Any CPU.ActiveCfg = Release|Any CPU
		{D6F8E3FB-A1A5-4AC7-919E-953F3B65E7BF}.Release|Any CPU.Build.0 = Release|Any CPU
	EndGlobalSection
	GlobalSection(SolutionProperties) = preSolution
		HideSolutionNode = FALSE
	EndGlobalSection
	GlobalSection(ExtensibilityGlobals) = postSolution
		SolutionGuid = {9E290917-8A62-4AF4-B7B2-4D91BE2BE255}
	EndGlobalSection
EndGlobal
